// !$*UTF8*$!
{
	archiveVersion = 1;
	classes = {
	};
	objectVersion = 55;
	objects = {

/* Begin PBXBuildFile section */
		2709FB883E958A154483399E /* Pods_AnimationViewApp.framework in Frameworks */ = {isa = PBXBuildFile; fileRef = E7EA583CB611702B91DBAA46 /* Pods_AnimationViewApp.framework */; };
		F3CC17FA2837E4CB005126C2 /* AppDelegate.swift in Sources */ = {isa = PBXBuildFile; fileRef = F3CC17F92837E4CB005126C2 /* AppDelegate.swift */; };
		F3CC17FC2837E4CB005126C2 /* SceneDelegate.swift in Sources */ = {isa = PBXBuildFile; fileRef = F3CC17FB2837E4CB005126C2 /* SceneDelegate.swift */; };
		F3CC17FE2837E4CB005126C2 /* ViewController.swift in Sources */ = {isa = PBXBuildFile; fileRef = F3CC17FD2837E4CB005126C2 /* ViewController.swift */; };
		F3CC18012837E4CB005126C2 /* Main.storyboard in Resources */ = {isa = PBXBuildFile; fileRef = F3CC17FF2837E4CB005126C2 /* Main.storyboard */; };
		F3CC18032837E4CC005126C2 /* Assets.xcassets in Resources */ = {isa = PBXBuildFile; fileRef = F3CC18022837E4CC005126C2 /* Assets.xcassets */; };
		F3CC18062837E4CC005126C2 /* LaunchScreen.storyboard in Resources */ = {isa = PBXBuildFile; fileRef = F3CC18042837E4CC005126C2 /* LaunchScreen.storyboard */; };
/* End PBXBuildFile section */

/* Begin PBXFileReference section */
		4DCB625C0AFDC8B9F8C0911B /* Pods-AnimationViewApp.debug.xcconfig */ = {isa = PBXFileReference; includeInIndex = 1; lastKnownFileType = text.xcconfig; name = "Pods-AnimationViewApp.debug.xcconfig"; path = "Target Support Files/Pods-AnimationViewApp/Pods-AnimationViewApp.debug.xcconfig"; sourceTree = "<group>"; };
		B7F5E426512758170F2993DA /* Pods-AnimationViewApp.release.xcconfig */ = {isa = PBXFileReference; includeInIndex = 1; lastKnownFileType = text.xcconfig; name = "Pods-AnimationViewApp.release.xcconfig"; path = "Target Support Files/Pods-AnimationViewApp/Pods-AnimationViewApp.release.xcconfig"; sourceTree = "<group>"; };
		E7EA583CB611702B91DBAA46 /* Pods_AnimationViewApp.framework */ = {isa = PBXFileReference; explicitFileType = wrapper.framework; includeInIndex = 0; path = Pods_AnimationViewApp.framework; sourceTree = BUILT_PRODUCTS_DIR; };
		F3CC17F62837E4CB005126C2 /* AnimationViewApp.app */ = {isa = PBXFileReference; explicitFileType = wrapper.application; includeInIndex = 0; path = AnimationViewApp.app; sourceTree = BUILT_PRODUCTS_DIR; };
		F3CC17F92837E4CB005126C2 /* AppDelegate.swift */ = {isa = PBXFileReference; lastKnownFileType = sourcecode.swift; path = AppDelegate.swift; sourceTree = "<group>"; };
		F3CC17FB2837E4CB005126C2 /* SceneDelegate.swift */ = {isa = PBXFileReference; lastKnownFileType = sourcecode.swift; path = SceneDelegate.swift; sourceTree = "<group>"; };
		F3CC17FD2837E4CB005126C2 /* ViewController.swift */ = {isa = PBXFileReference; lastKnownFileType = sourcecode.swift; path = ViewController.swift; sourceTree = "<group>"; };
		F3CC18002837E4CB005126C2 /* Base */ = {isa = PBXFileReference; lastKnownFileType = file.storyboard; name = Base; path = Base.lproj/Main.storyboard; sourceTree = "<group>"; };
		F3CC18022837E4CC005126C2 /* Assets.xcassets */ = {isa = PBXFileReference; lastKnownFileType = folder.assetcatalog; path = Assets.xcassets; sourceTree = "<group>"; };
		F3CC18052837E4CC005126C2 /* Base */ = {isa = PBXFileReference; lastKnownFileType = file.storyboard; name = Base; path = Base.lproj/LaunchScreen.storyboard; sourceTree = "<group>"; };
		F3CC18072837E4CC005126C2 /* Info.plist */ = {isa = PBXFileReference; lastKnownFileType = text.plist.xml; path = Info.plist; sourceTree = "<group>"; };
/* End PBXFileReference section */

/* Begin PBXFrameworksBuildPhase section */
		F3CC17F32837E4CB005126C2 /* Frameworks */ = {
			isa = PBXFrameworksBuildPhase;
			buildActionMask = 2147483647;
			files = (
				2709FB883E958A154483399E /* Pods_AnimationViewApp.framework in Frameworks */,
			);
			runOnlyForDeploymentPostprocessing = 0;
		};
/* End PBXFrameworksBuildPhase section */

/* Begin PBXGroup section */
		4ED5737ECE067FBA8C0E3746 /* Frameworks */ = {
			isa = PBXGroup;
			children = (
				E7EA583CB611702B91DBAA46 /* Pods_AnimationViewApp.framework */,
			);
			name = Frameworks;
			sourceTree = "<group>";
		};
		AC842DA254EB500E036C4175 /* Pods */ = {
			isa = PBXGroup;
			children = (
				4DCB625C0AFDC8B9F8C0911B /* Pods-AnimationViewApp.debug.xcconfig */,
				B7F5E426512758170F2993DA /* Pods-AnimationViewApp.release.xcconfig */,
			);
			name = Pods;
			path = Pods;
			sourceTree = "<group>";
		};
		F3CC17ED2837E4CB005126C2 = {
			isa = PBXGroup;
			children = (
				F3CC17F82837E4CB005126C2 /* AnimationViewApp */,
				F3CC17F72837E4CB005126C2 /* Products */,
				AC842DA254EB500E036C4175 /* Pods */,
				4ED5737ECE067FBA8C0E3746 /* Frameworks */,
			);
			sourceTree = "<group>";
		};
		F3CC17F72837E4CB005126C2 /* Products */ = {
			isa = PBXGroup;
			children = (
				F3CC17F62837E4CB005126C2 /* AnimationViewApp.app */,
			);
			name = Products;
			sourceTree = "<group>";
		};
		F3CC17F82837E4CB005126C2 /* AnimationViewApp */ = {
			isa = PBXGroup;
			children = (
				F3CC17F92837E4CB005126C2 /* AppDelegate.swift */,
				F3CC17FB2837E4CB005126C2 /* SceneDelegate.swift */,
				F3CC17FD2837E4CB005126C2 /* ViewController.swift */,
				F3CC17FF2837E4CB005126C2 /* Main.storyboard */,
				F3CC18022837E4CC005126C2 /* Assets.xcassets */,
				F3CC18042837E4CC005126C2 /* LaunchScreen.storyboard */,
				F3CC18072837E4CC005126C2 /* Info.plist */,
			);
			path = AnimationViewApp;
			sourceTree = "<group>";
		};
/* End PBXGroup section */

/* Begin PBXNativeTarget section */
		F3CC17F52837E4CB005126C2 /* AnimationViewApp */ = {
			isa = PBXNativeTarget;
			buildConfigurationList = F3CC180A2837E4CC005126C2 /* Build configuration list for PBXNativeTarget "AnimationViewApp" */;
			buildPhases = (
				AE731DAB701F4FF5BF4BF5DF /* [CP] Check Pods Manifest.lock */,
				F3CC17F22837E4CB005126C2 /* Sources */,
				F3CC17F32837E4CB005126C2 /* Frameworks */,
				F3CC17F42837E4CB005126C2 /* Resources */,
				CD11E59EF5F4EC2278282275 /* [CP] Embed Pods Frameworks */,
			);
			buildRules = (
			);
			dependencies = (
			);
			name = AnimationViewApp;
			productName = AnimationViewApp;
			productReference = F3CC17F62837E4CB005126C2 /* AnimationViewApp.app */;
			productType = "com.apple.product-type.application";
		};
/* End PBXNativeTarget section */

/* Begin PBXProject section */
		F3CC17EE2837E4CB005126C2 /* Project object */ = {
			isa = PBXProject;
			attributes = {
				BuildIndependentTargetsInParallel = 1;
				LastSwiftUpdateCheck = 1330;
				LastUpgradeCheck = 1330;
				TargetAttributes = {
					F3CC17F52837E4CB005126C2 = {
						CreatedOnToolsVersion = 13.3.1;
					};
				};
			};
			buildConfigurationList = F3CC17F12837E4CB005126C2 /* Build configuration list for PBXProject "AnimationViewApp" */;
			compatibilityVersion = "Xcode 13.0";
			developmentRegion = en;
			hasScannedForEncodings = 0;
			knownRegions = (
				en,
				Base,
			);
			mainGroup = F3CC17ED2837E4CB005126C2;
			productRefGroup = F3CC17F72837E4CB005126C2 /* Products */;
			projectDirPath = "";
			projectRoot = "";
			targets = (
				F3CC17F52837E4CB005126C2 /* AnimationViewApp */,
			);
		};
/* End PBXProject section */

/* Begin PBXResourcesBuildPhase section */
		F3CC17F42837E4CB005126C2 /* Resources */ = {
			isa = PBXResourcesBuildPhase;
			buildActionMask = 2147483647;
			files = (
				F3CC18062837E4CC005126C2 /* LaunchScreen.storyboard in Resources */,
				F3CC18032837E4CC005126C2 /* Assets.xcassets in Resources */,
				F3CC18012837E4CB005126C2 /* Main.storyboard in Resources */,
			);
			runOnlyForDeploymentPostprocessing = 0;
		};
/* End PBXResourcesBuildPhase section */

/* Begin PBXShellScriptBuildPhase section */
		AE731DAB701F4FF5BF4BF5DF /* [CP] Check Pods Manifest.lock */ = {
			isa = PBXShellScriptBuildPhase;
			buildActionMask = 2147483647;
			files = (
			);
			inputFileListPaths = (
			);
			inputPaths = (
				"${PODS_PODFILE_DIR_PATH}/Podfile.lock",
				"${PODS_ROOT}/Manifest.lock",
			);
			name = "[CP] Check Pods Manifest.lock";
			outputFileListPaths = (
			);
			outputPaths = (
				"$(DERIVED_FILE_DIR)/Pods-AnimationViewApp-checkManifestLockResult.txt",
			);
			runOnlyForDeploymentPostprocessing = 0;
			shellPath = /bin/sh;
			shellScript = "diff \"${PODS_PODFILE_DIR_PATH}/Podfile.lock\" \"${PODS_ROOT}/Manifest.lock\" > /dev/null\nif [ $? != 0 ] ; then\n    # print error to STDERR\n    echo \"error: The sandbox is not in sync with the Podfile.lock. Run 'pod install' or update your CocoaPods installation.\" >&2\n    exit 1\nfi\n# This output is used by Xcode 'outputs' to avoid re-running this script phase.\necho \"SUCCESS\" > \"${SCRIPT_OUTPUT_FILE_0}\"\n";
			showEnvVarsInLog = 0;
		};
		CD11E59EF5F4EC2278282275 /* [CP] Embed Pods Frameworks */ = {
			isa = PBXShellScriptBuildPhase;
			buildActionMask = 2147483647;
			files = (
			);
			inputFileListPaths = (
				"${PODS_ROOT}/Target Support Files/Pods-AnimationViewApp/Pods-AnimationViewApp-frameworks-${CONFIGURATION}-input-files.xcfilelist",
			);
			name = "[CP] Embed Pods Frameworks";
			outputFileListPaths = (
				"${PODS_ROOT}/Target Support Files/Pods-AnimationViewApp/Pods-AnimationViewApp-frameworks-${CONFIGURATION}-output-files.xcfilelist",
			);
			runOnlyForDeploymentPostprocessing = 0;
			shellPath = /bin/sh;
			shellScript = "\"${PODS_ROOT}/Target Support Files/Pods-AnimationViewApp/Pods-AnimationViewApp-frameworks.sh\"\n";
			showEnvVarsInLog = 0;
		};
/* End PBXShellScriptBuildPhase section */

/* Begin PBXSourcesBuildPhase section */
		F3CC17F22837E4CB005126C2 /* Sources */ = {
			isa = PBXSourcesBuildPhase;
			buildActionMask = 2147483647;
			files = (
				F3CC17FE2837E4CB005126C2 /* ViewController.swift in Sources */,
				F3CC17FA2837E4CB005126C2 /* AppDelegate.swift in Sources */,
				F3CC17FC2837E4CB005126C2 /* SceneDelegate.swift in Sources */,
			);
			runOnlyForDeploymentPostprocessing = 0;
		};
/* End PBXSourcesBuildPhase section */

/* Begin PBXVariantGroup section */
		F3CC17FF2837E4CB005126C2 /* Main.storyboard */ = {
			isa = PBXVariantGroup;
			children = (
				F3CC18002837E4CB005126C2 /* Base */,
			);
			name = Main.storyboard;
			sourceTree = "<group>";
		};
		F3CC18042837E4CC005126C2 /* LaunchScreen.storyboard */ = {
			isa = PBXVariantGroup;
			children = (
				F3CC18052837E4CC005126C2 /* Base */,
			);
			name = LaunchScreen.storyboard;
			sourceTree = "<group>";
		};
/* End PBXVariantGroup section */

/* Begin XCBuildConfiguration section */
		F3CC18082837E4CC005126C2 /* Debug */ = {
			isa = XCBuildConfiguration;
			buildSettings = {
				ALWAYS_SEARCH_USER_PATHS = NO;
				CLANG_ANALYZER_NONNULL = YES;
				CLANG_ANALYZER_NUMBER_OBJECT_CONVERSION = YES_AGGRESSIVE;
				CLANG_CXX_LANGUAGE_STANDARD = "gnu++17";
				CLANG_ENABLE_MODULES = YES;
				CLANG_ENABLE_OBJC_ARC = YES;
				CLANG_ENABLE_OBJC_WEAK = YES;
				CLANG_WARN_BLOCK_CAPTURE_AUTORELEASING = YES;
				CLANG_WARN_BOOL_CONVERSION = YES;
				CLANG_WARN_COMMA = YES;
				CLANG_WARN_CONSTANT_CONVERSION = YES;
				CLANG_WARN_DEPRECATED_OBJC_IMPLEMENTATIONS = YES;
				CLANG_WARN_DIRECT_OBJC_ISA_USAGE = YES_ERROR;
				CLANG_WARN_DOCUMENTATION_COMMENTS = YES;
				CLANG_WARN_EMPTY_BODY = YES;
				CLANG_WARN_ENUM_CONVERSION = YES;
				CLANG_WARN_INFINITE_RECURSION = YES;
				CLANG_WARN_INT_CONVERSION = YES;
				CLANG_WARN_NON_LITERAL_NULL_CONVERSION = YES;
				CLANG_WARN_OBJC_IMPLICIT_RETAIN_SELF = YES;
				CLANG_WARN_OBJC_LITERAL_CONVERSION = YES;
				CLANG_WARN_OBJC_ROOT_CLASS = YES_ERROR;
				CLANG_WARN_QUOTED_INCLUDE_IN_FRAMEWORK_HEADER = YES;
				CLANG_WARN_RANGE_LOOP_ANALYSIS = YES;
				CLANG_WARN_STRICT_PROTOTYPES = YES;
				CLANG_WARN_SUSPICIOUS_MOVE = YES;
				CLANG_WARN_UNGUARDED_AVAILABILITY = YES_AGGRESSIVE;
				CLANG_WARN_UNREACHABLE_CODE = YES;
				CLANG_WARN__DUPLICATE_METHOD_MATCH = YES;
				COPY_PHASE_STRIP = NO;
				DEBUG_INFORMATION_FORMAT = dwarf;
				ENABLE_STRICT_OBJC_MSGSEND = YES;
				ENABLE_TESTABILITY = YES;
				GCC_C_LANGUAGE_STANDARD = gnu11;
				GCC_DYNAMIC_NO_PIC = NO;
				GCC_NO_COMMON_BLOCKS = YES;
				GCC_OPTIMIZATION_LEVEL = 0;
				GCC_PREPROCESSOR_DEFINITIONS = (
					"DEBUG=1",
					"$(inherited)",
				);
				GCC_WARN_64_TO_32_BIT_CONVERSION = YES;
				GCC_WARN_ABOUT_RETURN_TYPE = YES_ERROR;
				GCC_WARN_UNDECLARED_SELECTOR = YES;
				GCC_WARN_UNINITIALIZED_AUTOS = YES_AGGRESSIVE;
				GCC_WARN_UNUSED_FUNCTION = YES;
				GCC_WARN_UNUSED_VARIABLE = YES;
				IPHONEOS_DEPLOYMENT_TARGET = 15.4;
				MTL_ENABLE_DEBUG_INFO = INCLUDE_SOURCE;
				MTL_FAST_MATH = YES;
				ONLY_ACTIVE_ARCH = YES;
				SDKROOT = iphoneos;
				SWIFT_ACTIVE_COMPILATION_CONDITIONS = DEBUG;
				SWIFT_OPTIMIZATION_LEVEL = "-Onone";
			};
			name = Debug;
		};
		F3CC18092837E4CC005126C2 /* Release */ = {
			isa = XCBuildConfiguration;
			buildSettings = {
				ALWAYS_SEARCH_USER_PATHS = NO;
				CLANG_ANALYZER_NONNULL = YES;
				CLANG_ANALYZER_NUMBER_OBJECT_CONVERSION = YES_AGGRESSIVE;
				CLANG_CXX_LANGUAGE_STANDARD = "gnu++17";
				CLANG_ENABLE_MODULES = YES;
				CLANG_ENABLE_OBJC_ARC = YES;
				CLANG_ENABLE_OBJC_WEAK = YES;
				CLANG_WARN_BLOCK_CAPTURE_AUTORELEASING = YES;
				CLANG_WARN_BOOL_CONVERSION = YES;
				CLANG_WARN_COMMA = YES;
				CLANG_WARN_CONSTANT_CONVERSION = YES;
				CLANG_WARN_DEPRECATED_OBJC_IMPLEMENTATIONS = YES;
				CLANG_WARN_DIRECT_OBJC_ISA_USAGE = YES_ERROR;
				CLANG_WARN_DOCUMENTATION_COMMENTS = YES;
				CLANG_WARN_EMPTY_BODY = YES;
				CLANG_WARN_ENUM_CONVERSION = YES;
				CLANG_WARN_INFINITE_RECURSION = YES;
				CLANG_WARN_INT_CONVERSION = YES;
				CLANG_WARN_NON_LITERAL_NULL_CONVERSION = YES;
				CLANG_WARN_OBJC_IMPLICIT_RETAIN_SELF = YES;
				CLANG_WARN_OBJC_LITERAL_CONVERSION = YES;
				CLANG_WARN_OBJC_ROOT_CLASS = YES_ERROR;
				CLANG_WARN_QUOTED_INCLUDE_IN_FRAMEWORK_HEADER = YES;
				CLANG_WARN_RANGE_LOOP_ANALYSIS = YES;
				CLANG_WARN_STRICT_PROTOTYPES = YES;
				CLANG_WARN_SUSPICIOUS_MOVE = YES;
				CLANG_WARN_UNGUARDED_AVAILABILITY = YES_AGGRESSIVE;
				CLANG_WARN_UNREACHABLE_CODE = YES;
				CLANG_WARN__DUPLICATE_METHOD_MATCH = YES;
				COPY_PHASE_STRIP = NO;
				DEBUG_INFORMATION_FORMAT = "dwarf-with-dsym";
				ENABLE_NS_ASSERTIONS = NO;
				ENABLE_STRICT_OBJC_MSGSEND = YES;
				GCC_C_LANGUAGE_STANDARD = gnu11;
				GCC_NO_COMMON_BLOCKS = YES;
				GCC_WARN_64_TO_32_BIT_CONVERSION = YES;
				GCC_WARN_ABOUT_RETURN_TYPE = YES_ERROR;
				GCC_WARN_UNDECLARED_SELECTOR = YES;
				GCC_WARN_UNINITIALIZED_AUTOS = YES_AGGRESSIVE;
				GCC_WARN_UNUSED_FUNCTION = YES;
				GCC_WARN_UNUSED_VARIABLE = YES;
				IPHONEOS_DEPLOYMENT_TARGET = 15.4;
				MTL_ENABLE_DEBUG_INFO = NO;
				MTL_FAST_MATH = YES;
				SDKROOT = iphoneos;
				SWIFT_COMPILATION_MODE = wholemodule;
				SWIFT_OPTIMIZATION_LEVEL = "-O";
				VALIDATE_PRODUCT = YES;
			};
			name = Release;
		};
		F3CC180B2837E4CC005126C2 /* Debug */ = {
			isa = XCBuildConfiguration;
			baseConfigurationReference = 4DCB625C0AFDC8B9F8C0911B /* Pods-AnimationViewApp.debug.xcconfig */;
			buildSettings = {
				ASSETCATALOG_COMPILER_APPICON_NAME = AppIcon;
				ASSETCATALOG_COMPILER_GLOBAL_ACCENT_COLOR_NAME = AccentColor;
				CODE_SIGN_STYLE = Automatic;
				CURRENT_PROJECT_VERSION = 1;
				DEVELOPMENT_TEAM = NPAYPRDTKS;
				GENERATE_INFOPLIST_FILE = YES;
				INFOPLIST_FILE = AnimationViewApp/Info.plist;
				INFOPLIST_KEY_UIApplicationSupportsIndirectInputEvents = YES;
				INFOPLIST_KEY_UILaunchStoryboardName = LaunchScreen;
				INFOPLIST_KEY_UIMainStoryboardFile = Main;
				INFOPLIST_KEY_UISupportedInterfaceOrientations = UIInterfaceOrientationPortrait;
				INFOPLIST_KEY_UISupportedInterfaceOrientations_iPad = "UIInterfaceOrientationPortrait UIInterfaceOrientationPortraitUpsideDown UIInterfaceOrientationLandscapeLeft UIInterfaceOrientationLandscapeRight";
				INFOPLIST_KEY_UISupportedInterfaceOrientations_iPhone = "UIInterfaceOrientationPortrait UIInterfaceOrientationLandscapeLeft UIInterfaceOrientationLandscapeRight";
				LD_RUNPATH_SEARCH_PATHS = (
					"$(inherited)",
					"@executable_path/Frameworks",
				);
				MARKETING_VERSION = 1.0;
				PRODUCT_BUNDLE_IDENTIFIER = SakhbievArtur.AnimationViewApp;
				PRODUCT_NAME = "$(TARGET_NAME)";
				SWIFT_EMIT_LOC_STRINGS = YES;
				SWIFT_VERSION = 5.0;
				TARGETED_DEVICE_FAMILY = 1;
			};
			name = Debug;
		};
		F3CC180C2837E4CC005126C2 /* Release */ = {
			isa = XCBuildConfiguration;
			baseConfigurationReference = B7F5E426512758170F2993DA /* Pods-AnimationViewApp.release.xcconfig */;
			buildSettings = {
				ASSETCATALOG_COMPILER_APPICON_NAME = AppIcon;
				ASSETCATALOG_COMPILER_GLOBAL_ACCENT_COLOR_NAME = AccentColor;
				CODE_SIGN_STYLE = Automatic;
				CURRENT_PROJECT_VERSION = 1;
				DEVELOPMENT_TEAM = NPAYPRDTKS;
				GENERATE_INFOPLIST_FILE = YES;
				INFOPLIST_FILE = AnimationViewApp/Info.plist;
				INFOPLIST_KEY_UIApplicationSupportsIndirectInputEvents = YES;
				INFOPLIST_KEY_UILaunchStoryboardName = LaunchScreen;
				INFOPLIST_KEY_UIMainStoryboardFile = Main;
				INFOPLIST_KEY_UISupportedInterfaceOrientations = UIInterfaceOrientationPortrait;
				INFOPLIST_KEY_UISupportedInterfaceOrientations_iPad = "UIInterfaceOrientationPortrait UIInterfaceOrientationPortraitUpsideDown UIInterfaceOrientationLandscapeLeft UIInterfaceOrientationLandscapeRight";
				INFOPLIST_KEY_UISupportedInterfaceOrientations_iPhone = "UIInterfaceOrientationPortrait UIInterfaceOrientationLandscapeLeft UIInterfaceOrientationLandscapeRight";
				LD_RUNPATH_SEARCH_PATHS = (
					"$(inherited)",
					"@executable_path/Frameworks",
				);
				MARKETING_VERSION = 1.0;
				PRODUCT_BUNDLE_IDENTIFIER = SakhbievArtur.AnimationViewApp;
				PRODUCT_NAME = "$(TARGET_NAME)";
				SWIFT_EMIT_LOC_STRINGS = YES;
				SWIFT_VERSION = 5.0;
				TARGETED_DEVICE_FAMILY = 1;
			};
			name = Release;
		};
/* End XCBuildConfiguration section */

/* Begin XCConfigurationList section */
		F3CC17F12837E4CB005126C2 /* Build configuration list for PBXProject "AnimationViewApp" */ = {
			isa = XCConfigurationList;
			buildConfigurations = (
				F3CC18082837E4CC005126C2 /* Debug */,
				F3CC18092837E4CC005126C2 /* Release */,
			);
			defaultConfigurationIsVisible = 0;
			defaultConfigurationName = Release;
		};
		F3CC180A2837E4CC005126C2 /* Build configuration list for PBXNativeTarget "AnimationViewApp" */ = {
			isa = XCConfigurationList;
			buildConfigurations = (
				F3CC180B2837E4CC005126C2 /* Debug */,
				F3CC180C2837E4CC005126C2 /* Release */,
			);
			defaultConfigurationIsVisible = 0;
			defaultConfigurationName = Release;
		};
/* End XCConfigurationList section */
	};
	rootObject = F3CC17EE2837E4CB005126C2 /* Project object */;
}
